<?xml version="1.0" encoding="UTF-8" standalone="yes" ?>
<CodeBlocks_project_file>
	<FileVersion major="1" minor="6" />
	<Project>
		<Option title="ManaServ Accountserver" />
		<Option pch_mode="0" />
		<Option compiler="gcc" />
		<Build>
			<Target title="default">
				<Option output="accountserver.exe" prefix_auto="0" extension_auto="0" />
				<Option type="1" />
				<Option compiler="gcc" />
				<Option use_console_runner="0" />
				<Option projectResourceIncludeDirsRelation="1" />
				<Compiler>
					<Add option='-DPACKAGE_VERSION=&quot;\&quot;1st milestone\&quot;&quot;' />
					<Add option="-DSQLITE_SUPPORT" />
					<Add option="-DNOGDI" />
					<Add directory="src" />
				</Compiler>
				<Linker>
					<Add library="ws2_32" />
					<Add library="winmm" />
				</Linker>
			</Target>
			<Target title="unix">
				<Option output="bin\accountserver" prefix_auto="1" extension_auto="1" />
				<Option working_dir="bin" />
				<Option type="1" />
				<Option compiler="gcc" />
				<Option use_console_runner="0" />
				<Compiler>
					<Add option="-g" />
					<Add option="-DSQLITE_SUPPORT" />
					<Add directory="src" />
					<Add directory="\usr\local\include\libxml2" />
				</Compiler>
				<Linker>
					<Add library="pthread" />
				</Linker>
			</Target>
		</Build>
		<VirtualTargets>
			<Add alias="All" targets="default;" />
		</VirtualTargets>
		<Compiler>
			<Add option="-Wall" />
			<Add directory="..\include" />
			<Add directory="include" />
			<Add directory="..\include\libxml2" />
			<Add directory="include\libxml2" />
		</Compiler>
		<Linker>
			<Add library="enet" />
			<Add library="xml2" />
			<Add library="physfs" />
			<Add library="z" />
			<Add library="sqlite3" />
			<Add library="crypto" />
			<Add directory="..\lib" />
			<Add directory="lib" />
		</Linker>
		<Unit filename="src\account-server\account.cpp" />
		<Unit filename="src\account-server\account.hpp" />
		<Unit filename="src\account-server\accountclient.cpp" />
		<Unit filename="src\account-server\accountclient.hpp" />
		<Unit filename="src\account-server\accounthandler.cpp" />
		<Unit filename="src\account-server\accounthandler.hpp" />
		<Unit filename="src\account-server\character.cpp" />
		<Unit filename="src\account-server\character.hpp" />
		<Unit filename="src\account-server\main-account.cpp" />
		<Unit filename="src\account-server\serverhandler.cpp" />
		<Unit filename="src\account-server\serverhandler.hpp" />
		<Unit filename="src\account-server\storage.cpp" />
		<Unit filename="src\account-server\storage.hpp" />
		<Unit filename="src\chat-server\chatchannel.cpp" />
		<Unit filename="src\chat-server\chatchannel.hpp" />
		<Unit filename="src\chat-server\chatchannelmanager.cpp" />
		<Unit filename="src\chat-server\chatchannelmanager.hpp" />
		<Unit filename="src\chat-server\chatclient.hpp" />
		<Unit filename="src\chat-server\chathandler.cpp" />
		<Unit filename="src\chat-server\chathandler.hpp" />
		<Unit filename="src\chat-server\guild.cpp" />
		<Unit filename="src\chat-server\guild.hpp" />
		<Unit filename="src\chat-server\guildhandler.cpp" />
		<Unit filename="src\chat-server\guildmanager.cpp" />
		<Unit filename="src\chat-server\guildmanager.hpp" />
		<Unit filename="src\chat-server\party.cpp" />
		<Unit filename="src\chat-server\party.hpp" />
		<Unit filename="src\chat-server\partyhandler.cpp" />
		<Unit filename="src\chat-server\post.cpp" />
		<Unit filename="src\chat-server\post.hpp" />
		<Unit filename="src\common\configuration.cpp" />
		<Unit filename="src\common\configuration.hpp" />
		<Unit filename="src\common\inventorydata.hpp" />
                <Unit filename="src\common\resourcemanager.cpp" />
                <Unit filename="src\common\resourcemanager.hpp" />
		<Unit filename="src\common\transaction.hpp" />
		<Unit filename="src\dal\dalexcept.h" />
		<Unit filename="src\dal\dataprovider.cpp" />
		<Unit filename="src\dal\dataprovider.h" />
		<Unit filename="src\dal\dataproviderfactory.cpp" />
		<Unit filename="src\dal\dataproviderfactory.h" />
		<Unit filename="src\dal\recordset.cpp" />
		<Unit filename="src\dal\recordset.h" />
		<Unit filename="src\dal\sqlitedataprovider.cpp" />
		<Unit filename="src\dal\sqlitedataprovider.h" />
		<Unit filename="src\defines.h" />
		<Unit filename="src\net\bandwidth.cpp" />
		<Unit filename="src\net\bandwidth.hpp" />
		<Unit filename="src\net\connection.cpp" />
		<Unit filename="src\net\connection.hpp" />
		<Unit filename="src\net\connectionhandler.cpp" />
		<Unit filename="src\net\connectionhandler.hpp" />
		<Unit filename="src\net\messagein.cpp" />
		<Unit filename="src\net\messagein.hpp" />
		<Unit filename="src\net\messageout.cpp" />
		<Unit filename="src\net\messageout.hpp" />
		<Unit filename="src\net\netcomputer.cpp" />
		<Unit filename="src\net\netcomputer.hpp" />
		<Unit filename="src\point.h" />
		<Unit filename="src\serialize\characterdata.hpp" />
		<Unit filename="src\utils\base64.cpp" />
		<Unit filename="src\utils\base64.h" />
		<Unit filename="src\utils\encryption.cpp" />
		<Unit filename="src\utils\encryption.h" />
		<Unit filename="src\utils\functors.h" />
		<Unit filename="src\utils\logger.cpp" />
		<Unit filename="src\utils\logger.h" />
		<Unit filename="src\utils\mathutils.cpp" />
		<Unit filename="src\utils\mathutils.h" />
		<Unit filename="src\utils\processorutils.cpp" />
		<Unit filename="src\utils\processorutils.hpp" />
		<Unit filename="src\utils\sha256.cpp" />
		<Unit filename="src\utils\sha256.h" />
		<Unit filename="src\utils\singleton.h" />
		<Unit filename="src\utils\stringfilter.cpp" />
		<Unit filename="src\utils\stringfilter.h" />
		<Unit filename="src\utils\timer.cpp" />
		<Unit filename="src\utils\timer.h" />
		<Unit filename="src\utils\tokencollector.cpp" />
		<Unit filename="src\utils\tokencollector.hpp" />
		<Unit filename="src\utils\tokendispenser.cpp" />
		<Unit filename="src\utils\tokendispenser.hpp" />
		<Unit filename="src\utils\trim.hpp" />
		<Unit filename="src\utils\xml.cpp" />
		<Unit filename="src\utils\xml.hpp" />
		<Unit filename="src\utils\zlib.cpp" />
		<Unit filename="src\utils\zlib.hpp" />
		<Extensions>
			<code_completion />
			<debugger />
			<envvars />
		</Extensions>
	</Project>
</CodeBlocks_project_file>
